
Microsoft Visual Studio Solution File, Format Version 12.00
# Visual Studio Version 17
VisualStudioVersion = 17.2.32526.322
MinimumVisualStudioVersion = 10.0.40219.1
Project("{FAE04EC0-301F-11D3-BF4B-00C04F79EFBC}") = "KpopIdolRoad", "KpopIdolRoad.csproj", "{99C509E6-BED0-4EDC-9C66-136FD8BFF6D8}"
EndProject
Global
	GlobalSection(SolutionConfigurationPlatforms) = preSolution
		Debug|Any CPU = Debug|Any CPU
		Release|Any CPU = Release|Any CPU
	EndGlobalSection
	GlobalSection(ProjectConfigurationPlatforms) = postSolution
		{99C509E6-BED0-4EDC-9C66-136FD8BFF6D8}.Debug|Any CPU.ActiveCfg = Debug|Any CPU
		{99C509E6-BED0-4EDC-9C66-136FD8BFF6D8}.Debug|Any CPU.Build.0 = Debug|Any CPU
		{99C509E6-BED0-4EDC-9C66-136FD8BFF6D8}.Release|Any CPU.ActiveCfg = Release|Any CPU
		{99C509E6-BED0-4EDC-9C66-136FD8BFF6D8}.Release|Any CPU.Build.0 = Release|Any CPU
	EndGlobalSection
	GlobalSection(SolutionProperties) = preSolution
		HideSolutionNode = FALSE
	EndGlobalSection
	GlobalSection(ExtensibilityGlobals) = postSolution
		SolutionGuid = {A3B0CF43-46A0-499D-9875-807F7C65D987}
	EndGlobalSection
EndGlobal
